
Microsoft Visual Studio Solution File, Format Version 12.00
# Visual Studio Version 17
VisualStudioVersion = 17.2.32630.192
MinimumVisualStudioVersion = 10.0.40219.1
Project("{9A19103F-16F7-4668-BE54-9A1E7A4F7556}") = "R5T.T0154.Construction", "R5T.T0154.Construction\R5T.T0154.Construction.csproj", "{8B6214E5-3C3A-4105-A0F2-D71CACB1A9C4}"
EndProject
Project("{9A19103F-16F7-4668-BE54-9A1E7A4F7556}") = "R5T.T0154", "R5T.T0154\R5T.T0154.csproj", "{26BD6B79-5CAF-4D8B-A410-2D399FD184A6}"
EndProject
Global
	GlobalSection(SolutionConfigurationPlatforms) = preSolution
		Debug|Any CPU = Debug|Any CPU
		Release|Any CPU = Release|Any CPU
	EndGlobalSection
	GlobalSection(ProjectConfigurationPlatforms) = postSolution
		{8B6214E5-3C3A-4105-A0F2-D71CACB1A9C4}.Debug|Any CPU.ActiveCfg = Debug|Any CPU
		{8B6214E5-3C3A-4105-A0F2-D71CACB1A9C4}.Debug|Any CPU.Build.0 = Debug|Any CPU
		{8B6214E5-3C3A-4105-A0F2-D71CACB1A9C4}.Release|Any CPU.ActiveCfg = Release|Any CPU
		{8B6214E5-3C3A-4105-A0F2-D71CACB1A9C4}.Release|Any CPU.Build.0 = Release|Any CPU
		{26BD6B79-5CAF-4D8B-A410-2D399FD184A6}.Debug|Any CPU.ActiveCfg = Debug|Any CPU
		{26BD6B79-5CAF-4D8B-A410-2D399FD184A6}.Debug|Any CPU.Build.0 = Debug|Any CPU
		{26BD6B79-5CAF-4D8B-A410-2D399FD184A6}.Release|Any CPU.ActiveCfg = Release|Any CPU
		{26BD6B79-5CAF-4D8B-A410-2D399FD184A6}.Release|Any CPU.Build.0 = Release|Any CPU
	EndGlobalSection
	GlobalSection(SolutionProperties) = preSolution
		HideSolutionNode = FALSE
	EndGlobalSection
	GlobalSection(ExtensibilityGlobals) = postSolution
		SolutionGuid = {B9E01041-A2E1-4012-AA18-0C459CDDF27B}
	EndGlobalSection
EndGlobal
