
Microsoft Visual Studio Solution File, Format Version 12.00
# Visual Studio Version 17
VisualStudioVersion = 17.2.32630.192
MinimumVisualStudioVersion = 10.0.40219.1
Project("{9A19103F-16F7-4668-BE54-9A1E7A4F7556}") = "R5T.T0154", "R5T.T0154\R5T.T0154.csproj", "{2215AB2A-62A5-46E4-9DDF-102041BF28B1}"
EndProject
Project("{2150E333-8FDC-42A3-9474-1A3956D46DE8}") = "_Dependencies", "_Dependencies", "{C49ED50A-6E8D-4E09-9EB1-1D9A24966F47}"
EndProject
Project("{9A19103F-16F7-4668-BE54-9A1E7A4F7556}") = "R5T.T0143", "..\..\R5T.T0143\source\R5T.T0143\R5T.T0143.csproj", "{5ABCA283-FFB8-4AC3-82A2-65E53BC5C776}"
EndProject
Global
	GlobalSection(SolutionConfigurationPlatforms) = preSolution
		Debug|Any CPU = Debug|Any CPU
		Release|Any CPU = Release|Any CPU
	EndGlobalSection
	GlobalSection(ProjectConfigurationPlatforms) = postSolution
		{2215AB2A-62A5-46E4-9DDF-102041BF28B1}.Debug|Any CPU.ActiveCfg = Debug|Any CPU
		{2215AB2A-62A5-46E4-9DDF-102041BF28B1}.Debug|Any CPU.Build.0 = Debug|Any CPU
		{2215AB2A-62A5-46E4-9DDF-102041BF28B1}.Release|Any CPU.ActiveCfg = Release|Any CPU
		{2215AB2A-62A5-46E4-9DDF-102041BF28B1}.Release|Any CPU.Build.0 = Release|Any CPU
		{5ABCA283-FFB8-4AC3-82A2-65E53BC5C776}.Debug|Any CPU.ActiveCfg = Debug|Any CPU
		{5ABCA283-FFB8-4AC3-82A2-65E53BC5C776}.Debug|Any CPU.Build.0 = Debug|Any CPU
		{5ABCA283-FFB8-4AC3-82A2-65E53BC5C776}.Release|Any CPU.ActiveCfg = Release|Any CPU
		{5ABCA283-FFB8-4AC3-82A2-65E53BC5C776}.Release|Any CPU.Build.0 = Release|Any CPU
	EndGlobalSection
	GlobalSection(SolutionProperties) = preSolution
		HideSolutionNode = FALSE
	EndGlobalSection
	GlobalSection(NestedProjects) = preSolution
		{5ABCA283-FFB8-4AC3-82A2-65E53BC5C776} = {C49ED50A-6E8D-4E09-9EB1-1D9A24966F47}
	EndGlobalSection
	GlobalSection(ExtensibilityGlobals) = postSolution
		SolutionGuid = {22881935-5E6B-4ABF-AE49-D37672CD3E01}
	EndGlobalSection
EndGlobal
